
Microsoft Visual Studio Solution File, Format Version 12.00
# Visual Studio Version 16
VisualStudioVersion = 16.0.30907.101
MinimumVisualStudioVersion = 10.0.40219.1
Project("{8BC9CEB8-8B4A-11D0-8D11-00A0C91BC942}") = "Game_of_Life", "Game_of_Life.vcxproj", "{92581399-1D1D-4198-857A-11134ADBA724}"
EndProject
Global
	GlobalSection(SolutionConfigurationPlatforms) = preSolution
		Debug|x64 = Debug|x64
		Debug|x86 = Debug|x86
		Release|x64 = Release|x64
		Release|x86 = Release|x86
	EndGlobalSection
	GlobalSection(ProjectConfigurationPlatforms) = postSolution
		{92581399-1D1D-4198-857A-11134ADBA724}.Debug|x64.ActiveCfg = Debug|x64
		{92581399-1D1D-4198-857A-11134ADBA724}.Debug|x64.Build.0 = Debug|x64
		{92581399-1D1D-4198-857A-11134ADBA724}.Debug|x86.ActiveCfg = Debug|Win32
		{92581399-1D1D-4198-857A-11134ADBA724}.Debug|x86.Build.0 = Debug|Win32
		{92581399-1D1D-4198-857A-11134ADBA724}.Release|x64.ActiveCfg = Release|x64
		{92581399-1D1D-4198-857A-11134ADBA724}.Release|x64.Build.0 = Release|x64
		{92581399-1D1D-4198-857A-11134ADBA724}.Release|x86.ActiveCfg = Release|Win32
		{92581399-1D1D-4198-857A-11134ADBA724}.Release|x86.Build.0 = Release|Win32
	EndGlobalSection
	GlobalSection(SolutionProperties) = preSolution
		HideSolutionNode = FALSE
	EndGlobalSection
	GlobalSection(ExtensibilityGlobals) = postSolution
		SolutionGuid = {E8A9BF76-81ED-4158-BFC7-FF828417A676}
	EndGlobalSection
EndGlobal
